
Microsoft Visual Studio Solution File, Format Version 12.00
# Visual Studio Version 17
VisualStudioVersion = 17.0.31903.59
MinimumVisualStudioVersion = 10.0.40219.1
Project("{2150E333-8FDC-42A3-9474-1A3956D46DE8}") = "src", "src", "{827E0CD3-B72D-47B6-A68D-7590B98EB39B}"
EndProject
Project("{FAE04EC0-301F-11D3-BF4B-00C04F79EFBC}") = "FinanceMath.Api", "src\FinanceMath.Api\FinanceMath.Api.csproj", "{C0026BC7-393E-493B-B172-CFABA805416F}"
EndProject
Project("{FAE04EC0-301F-11D3-BF4B-00C04F79EFBC}") = "FinanceMath.Application", "src\FinanceMath.Application\FinanceMath.Application.csproj", "{647A9BD0-BF74-48F7-88A8-7AA13A2E7618}"
EndProject
Project("{FAE04EC0-301F-11D3-BF4B-00C04F79EFBC}") = "FinanceMath.Domain", "src\FinanceMath.Domain\FinanceMath.Domain.csproj", "{076C2124-CCC7-4EBD-BADF-B7F85B791705}"
EndProject
Project("{FAE04EC0-301F-11D3-BF4B-00C04F79EFBC}") = "FinanceMath.Infrastructure", "src\FinanceMath.Infrastructure\FinanceMath.Infrastructure.csproj", "{FC22271C-6AF4-42E2-9C8C-B3CC0EDEABC3}"
EndProject
Project("{2150E333-8FDC-42A3-9474-1A3956D46DE8}") = "tests", "tests", "{0AB3BF05-4346-4AA6-1389-037BE0695223}"
EndProject
Project("{FAE04EC0-301F-11D3-BF4B-00C04F79EFBC}") = "FinanceMath.Tests", "tests\FinanceMath.Tests\FinanceMath.Tests.csproj", "{4B4C0216-E6AF-4E9B-90C9-D1E00D79E561}"
EndProject
Global
	GlobalSection(SolutionConfigurationPlatforms) = preSolution
		Debug|Any CPU = Debug|Any CPU
		Debug|x64 = Debug|x64
		Debug|x86 = Debug|x86
		Release|Any CPU = Release|Any CPU
		Release|x64 = Release|x64
		Release|x86 = Release|x86
	EndGlobalSection
	GlobalSection(ProjectConfigurationPlatforms) = postSolution
		{C0026BC7-393E-493B-B172-CFABA805416F}.Debug|Any CPU.ActiveCfg = Debug|Any CPU
		{C0026BC7-393E-493B-B172-CFABA805416F}.Debug|Any CPU.Build.0 = Debug|Any CPU
		{C0026BC7-393E-493B-B172-CFABA805416F}.Debug|x64.ActiveCfg = Debug|Any CPU
		{C0026BC7-393E-493B-B172-CFABA805416F}.Debug|x64.Build.0 = Debug|Any CPU
		{C0026BC7-393E-493B-B172-CFABA805416F}.Debug|x86.ActiveCfg = Debug|Any CPU
		{C0026BC7-393E-493B-B172-CFABA805416F}.Debug|x86.Build.0 = Debug|Any CPU
		{C0026BC7-393E-493B-B172-CFABA805416F}.Release|Any CPU.ActiveCfg = Release|Any CPU
		{C0026BC7-393E-493B-B172-CFABA805416F}.Release|Any CPU.Build.0 = Release|Any CPU
		{C0026BC7-393E-493B-B172-CFABA805416F}.Release|x64.ActiveCfg = Release|Any CPU
		{C0026BC7-393E-493B-B172-CFABA805416F}.Release|x64.Build.0 = Release|Any CPU
		{C0026BC7-393E-493B-B172-CFABA805416F}.Release|x86.ActiveCfg = Release|Any CPU
		{C0026BC7-393E-493B-B172-CFABA805416F}.Release|x86.Build.0 = Release|Any CPU
		{647A9BD0-BF74-48F7-88A8-7AA13A2E7618}.Debug|Any CPU.ActiveCfg = Debug|Any CPU
		{647A9BD0-BF74-48F7-88A8-7AA13A2E7618}.Debug|Any CPU.Build.0 = Debug|Any CPU
		{647A9BD0-BF74-48F7-88A8-7AA13A2E7618}.Debug|x64.ActiveCfg = Debug|Any CPU
		{647A9BD0-BF74-48F7-88A8-7AA13A2E7618}.Debug|x64.Build.0 = Debug|Any CPU
		{647A9BD0-BF74-48F7-88A8-7AA13A2E7618}.Debug|x86.ActiveCfg = Debug|Any CPU
		{647A9BD0-BF74-48F7-88A8-7AA13A2E7618}.Debug|x86.Build.0 = Debug|Any CPU
		{647A9BD0-BF74-48F7-88A8-7AA13A2E7618}.Release|Any CPU.ActiveCfg = Release|Any CPU
		{647A9BD0-BF74-48F7-88A8-7AA13A2E7618}.Release|Any CPU.Build.0 = Release|Any CPU
		{647A9BD0-BF74-48F7-88A8-7AA13A2E7618}.Release|x64.ActiveCfg = Release|Any CPU
		{647A9BD0-BF74-48F7-88A8-7AA13A2E7618}.Release|x64.Build.0 = Release|Any CPU
		{647A9BD0-BF74-48F7-88A8-7AA13A2E7618}.Release|x86.ActiveCfg = Release|Any CPU
		{647A9BD0-BF74-48F7-88A8-7AA13A2E7618}.Release|x86.Build.0 = Release|Any CPU
		{076C2124-CCC7-4EBD-BADF-B7F85B791705}.Debug|Any CPU.ActiveCfg = Debug|Any CPU
		{076C2124-CCC7-4EBD-BADF-B7F85B791705}.Debug|Any CPU.Build.0 = Debug|Any CPU
		{076C2124-CCC7-4EBD-BADF-B7F85B791705}.Debug|x64.ActiveCfg = Debug|Any CPU
		{076C2124-CCC7-4EBD-BADF-B7F85B791705}.Debug|x64.Build.0 = Debug|Any CPU
		{076C2124-CCC7-4EBD-BADF-B7F85B791705}.Debug|x86.ActiveCfg = Debug|Any CPU
		{076C2124-CCC7-4EBD-BADF-B7F85B791705}.Debug|x86.Build.0 = Debug|Any CPU
		{076C2124-CCC7-4EBD-BADF-B7F85B791705}.Release|Any CPU.ActiveCfg = Release|Any CPU
		{076C2124-CCC7-4EBD-BADF-B7F85B791705}.Release|Any CPU.Build.0 = Release|Any CPU
		{076C2124-CCC7-4EBD-BADF-B7F85B791705}.Release|x64.ActiveCfg = Release|Any CPU
		{076C2124-CCC7-4EBD-BADF-B7F85B791705}.Release|x64.Build.0 = Release|Any CPU
		{076C2124-CCC7-4EBD-BADF-B7F85B791705}.Release|x86.ActiveCfg = Release|Any CPU
		{076C2124-CCC7-4EBD-BADF-B7F85B791705}.Release|x86.Build.0 = Release|Any CPU
		{FC22271C-6AF4-42E2-9C8C-B3CC0EDEABC3}.Debug|Any CPU.ActiveCfg = Debug|Any CPU
		{FC22271C-6AF4-42E2-9C8C-B3CC0EDEABC3}.Debug|Any CPU.Build.0 = Debug|Any CPU
		{FC22271C-6AF4-42E2-9C8C-B3CC0EDEABC3}.Debug|x64.ActiveCfg = Debug|Any CPU
		{FC22271C-6AF4-42E2-9C8C-B3CC0EDEABC3}.Debug|x64.Build.0 = Debug|Any CPU
		{FC22271C-6AF4-42E2-9C8C-B3CC0EDEABC3}.Debug|x86.ActiveCfg = Debug|Any CPU
		{FC22271C-6AF4-42E2-9C8C-B3CC0EDEABC3}.Debug|x86.Build.0 = Debug|Any CPU
		{FC22271C-6AF4-42E2-9C8C-B3CC0EDEABC3}.Release|Any CPU.ActiveCfg = Release|Any CPU
		{FC22271C-6AF4-42E2-9C8C-B3CC0EDEABC3}.Release|Any CPU.Build.0 = Release|Any CPU
		{FC22271C-6AF4-42E2-9C8C-B3CC0EDEABC3}.Release|x64.ActiveCfg = Release|Any CPU
		{FC22271C-6AF4-42E2-9C8C-B3CC0EDEABC3}.Release|x64.Build.0 = Release|Any CPU
		{FC22271C-6AF4-42E2-9C8C-B3CC0EDEABC3}.Release|x86.ActiveCfg = Release|Any CPU
		{FC22271C-6AF4-42E2-9C8C-B3CC0EDEABC3}.Release|x86.Build.0 = Release|Any CPU
		{4B4C0216-E6AF-4E9B-90C9-D1E00D79E561}.Debug|Any CPU.ActiveCfg = Debug|Any CPU
		{4B4C0216-E6AF-4E9B-90C9-D1E00D79E561}.Debug|Any CPU.Build.0 = Debug|Any CPU
		{4B4C0216-E6AF-4E9B-90C9-D1E00D79E561}.Debug|x64.ActiveCfg = Debug|Any CPU
		{4B4C0216-E6AF-4E9B-90C9-D1E00D79E561}.Debug|x64.Build.0 = Debug|Any CPU
		{4B4C0216-E6AF-4E9B-90C9-D1E00D79E561}.Debug|x86.ActiveCfg = Debug|Any CPU
		{4B4C0216-E6AF-4E9B-90C9-D1E00D79E561}.Debug|x86.Build.0 = Debug|Any CPU
		{4B4C0216-E6AF-4E9B-90C9-D1E00D79E561}.Release|Any CPU.ActiveCfg = Release|Any CPU
		{4B4C0216-E6AF-4E9B-90C9-D1E00D79E561}.Release|Any CPU.Build.0 = Release|Any CPU
		{4B4C0216-E6AF-4E9B-90C9-D1E00D79E561}.Release|x64.ActiveCfg = Release|Any CPU
		{4B4C0216-E6AF-4E9B-90C9-D1E00D79E561}.Release|x64.Build.0 = Release|Any CPU
		{4B4C0216-E6AF-4E9B-90C9-D1E00D79E561}.Release|x86.ActiveCfg = Release|Any CPU
		{4B4C0216-E6AF-4E9B-90C9-D1E00D79E561}.Release|x86.Build.0 = Release|Any CPU
	EndGlobalSection
	GlobalSection(SolutionProperties) = preSolution
		HideSolutionNode = FALSE
	EndGlobalSection
	GlobalSection(NestedProjects) = preSolution
		{C0026BC7-393E-493B-B172-CFABA805416F} = {827E0CD3-B72D-47B6-A68D-7590B98EB39B}
		{647A9BD0-BF74-48F7-88A8-7AA13A2E7618} = {827E0CD3-B72D-47B6-A68D-7590B98EB39B}
		{076C2124-CCC7-4EBD-BADF-B7F85B791705} = {827E0CD3-B72D-47B6-A68D-7590B98EB39B}
		{FC22271C-6AF4-42E2-9C8C-B3CC0EDEABC3} = {827E0CD3-B72D-47B6-A68D-7590B98EB39B}
		{4B4C0216-E6AF-4E9B-90C9-D1E00D79E561} = {0AB3BF05-4346-4AA6-1389-037BE0695223}
	EndGlobalSection
EndGlobal
